
Microsoft Visual Studio Solution File, Format Version 12.00
# Visual Studio 15
VisualStudioVersion = 15.0.28307.106
MinimumVisualStudioVersion = 10.0.40219.1
Project("{FAE04EC0-301F-11D3-BF4B-00C04F79EFBC}") = "FoodBank", "FoodBank\FoodBank.csproj", "{EA305F40-A037-455F-AAD7-8D8A9BBD7201}"
EndProject
Global
	GlobalSection(SolutionConfigurationPlatforms) = preSolution
		Debug|Any CPU = Debug|Any CPU
		Release|Any CPU = Release|Any CPU
	EndGlobalSection
	GlobalSection(ProjectConfigurationPlatforms) = postSolution
		{EA305F40-A037-455F-AAD7-8D8A9BBD7201}.Debug|Any CPU.ActiveCfg = Debug|Any CPU
		{EA305F40-A037-455F-AAD7-8D8A9BBD7201}.Debug|Any CPU.Build.0 = Debug|Any CPU
		{EA305F40-A037-455F-AAD7-8D8A9BBD7201}.Release|Any CPU.ActiveCfg = Release|Any CPU
		{EA305F40-A037-455F-AAD7-8D8A9BBD7201}.Release|Any CPU.Build.0 = Release|Any CPU
	EndGlobalSection
	GlobalSection(SolutionProperties) = preSolution
		HideSolutionNode = FALSE
	EndGlobalSection
	GlobalSection(ExtensibilityGlobals) = postSolution
		SolutionGuid = {0E26A97C-41C4-4F47-9500-93AC79ADB912}
	EndGlobalSection
EndGlobal
